
Microsoft Visual Studio Solution File, Format Version 12.00
# Visual Studio 15
VisualStudioVersion = 15.0.28307.572
MinimumVisualStudioVersion = 10.0.40219.1
Project("{FAE04EC0-301F-11D3-BF4B-00C04F79EFBC}") = "Smartex2.Android", "Smartex2\Smartex2.Android\Smartex2.Android.csproj", "{7B3B5FF3-623F-4EB3-99EF-1A0BD05EB4F4}"
EndProject
Project("{FAE04EC0-301F-11D3-BF4B-00C04F79EFBC}") = "Smartex2.iOS", "Smartex2\Smartex2.iOS\Smartex2.iOS.csproj", "{A491FA11-F7A3-4E15-A362-6222A0A61E83}"
EndProject
Project("{9A19103F-16F7-4668-BE54-9A1E7A4F7556}") = "Smartex", "Smartex2\Smartex2\Smartex.csproj", "{E7DAF01E-FFDD-414D-8D11-03A249110315}"
EndProject
Global
	GlobalSection(SolutionConfigurationPlatforms) = preSolution
		Ad-Hoc|Any CPU = Ad-Hoc|Any CPU
		Ad-Hoc|iPhone = Ad-Hoc|iPhone
		Ad-Hoc|iPhoneSimulator = Ad-Hoc|iPhoneSimulator
		AppStore|Any CPU = AppStore|Any CPU
		AppStore|iPhone = AppStore|iPhone
		AppStore|iPhoneSimulator = AppStore|iPhoneSimulator
		Debug|Any CPU = Debug|Any CPU
		Debug|iPhone = Debug|iPhone
		Debug|iPhoneSimulator = Debug|iPhoneSimulator
		Release|Any CPU = Release|Any CPU
		Release|iPhone = Release|iPhone
		Release|iPhoneSimulator = Release|iPhoneSimulator
	EndGlobalSection
	GlobalSection(ProjectConfigurationPlatforms) = postSolution
		{7B3B5FF3-623F-4EB3-99EF-1A0BD05EB4F4}.Ad-Hoc|Any CPU.ActiveCfg = Release|Any CPU
		{7B3B5FF3-623F-4EB3-99EF-1A0BD05EB4F4}.Ad-Hoc|Any CPU.Build.0 = Release|Any CPU
		{7B3B5FF3-623F-4EB3-99EF-1A0BD05EB4F4}.Ad-Hoc|Any CPU.Deploy.0 = Release|Any CPU
		{7B3B5FF3-623F-4EB3-99EF-1A0BD05EB4F4}.Ad-Hoc|iPhone.ActiveCfg = Release|Any CPU
		{7B3B5FF3-623F-4EB3-99EF-1A0BD05EB4F4}.Ad-Hoc|iPhone.Build.0 = Release|Any CPU
		{7B3B5FF3-623F-4EB3-99EF-1A0BD05EB4F4}.Ad-Hoc|iPhone.Deploy.0 = Release|Any CPU
		{7B3B5FF3-623F-4EB3-99EF-1A0BD05EB4F4}.Ad-Hoc|iPhoneSimulator.ActiveCfg = Release|Any CPU
		{7B3B5FF3-623F-4EB3-99EF-1A0BD05EB4F4}.Ad-Hoc|iPhoneSimulator.Build.0 = Release|Any CPU
		{7B3B5FF3-623F-4EB3-99EF-1A0BD05EB4F4}.Ad-Hoc|iPhoneSimulator.Deploy.0 = Release|Any CPU
		{7B3B5FF3-623F-4EB3-99EF-1A0BD05EB4F4}.AppStore|Any CPU.ActiveCfg = Release|Any CPU
		{7B3B5FF3-623F-4EB3-99EF-1A0BD05EB4F4}.AppStore|Any CPU.Build.0 = Release|Any CPU
		{7B3B5FF3-623F-4EB3-99EF-1A0BD05EB4F4}.AppStore|Any CPU.Deploy.0 = Release|Any CPU
		{7B3B5FF3-623F-4EB3-99EF-1A0BD05EB4F4}.AppStore|iPhone.ActiveCfg = Release|Any CPU
		{7B3B5FF3-623F-4EB3-99EF-1A0BD05EB4F4}.AppStore|iPhone.Build.0 = Release|Any CPU
		{7B3B5FF3-623F-4EB3-99EF-1A0BD05EB4F4}.AppStore|iPhone.Deploy.0 = Release|Any CPU
		{7B3B5FF3-623F-4EB3-99EF-1A0BD05EB4F4}.AppStore|iPhoneSimulator.ActiveCfg = Release|Any CPU
		{7B3B5FF3-623F-4EB3-99EF-1A0BD05EB4F4}.AppStore|iPhoneSimulator.Build.0 = Release|Any CPU
		{7B3B5FF3-623F-4EB3-99EF-1A0BD05EB4F4}.AppStore|iPhoneSimulator.Deploy.0 = Release|Any CPU
		{7B3B5FF3-623F-4EB3-99EF-1A0BD05EB4F4}.Debug|Any CPU.ActiveCfg = Debug|Any CPU
		{7B3B5FF3-623F-4EB3-99EF-1A0BD05EB4F4}.Debug|Any CPU.Build.0 = Debug|Any CPU
		{7B3B5FF3-623F-4EB3-99EF-1A0BD05EB4F4}.Debug|Any CPU.Deploy.0 = Debug|Any CPU
		{7B3B5FF3-623F-4EB3-99EF-1A0BD05EB4F4}.Debug|iPhone.ActiveCfg = Debug|Any CPU
		{7B3B5FF3-623F-4EB3-99EF-1A0BD05EB4F4}.Debug|iPhone.Build.0 = Debug|Any CPU
		{7B3B5FF3-623F-4EB3-99EF-1A0BD05EB4F4}.Debug|iPhone.Deploy.0 = Debug|Any CPU
		{7B3B5FF3-623F-4EB3-99EF-1A0BD05EB4F4}.Debug|iPhoneSimulator.ActiveCfg = Debug|Any CPU
		{7B3B5FF3-623F-4EB3-99EF-1A0BD05EB4F4}.Debug|iPhoneSimulator.Build.0 = Debug|Any CPU
		{7B3B5FF3-623F-4EB3-99EF-1A0BD05EB4F4}.Debug|iPhoneSimulator.Deploy.0 = Debug|Any CPU
		{7B3B5FF3-623F-4EB3-99EF-1A0BD05EB4F4}.Release|Any CPU.ActiveCfg = Release|Any CPU
		{7B3B5FF3-623F-4EB3-99EF-1A0BD05EB4F4}.Release|Any CPU.Build.0 = Release|Any CPU
		{7B3B5FF3-623F-4EB3-99EF-1A0BD05EB4F4}.Release|Any CPU.Deploy.0 = Release|Any CPU
		{7B3B5FF3-623F-4EB3-99EF-1A0BD05EB4F4}.Release|iPhone.ActiveCfg = Release|Any CPU
		{7B3B5FF3-623F-4EB3-99EF-1A0BD05EB4F4}.Release|iPhone.Build.0 = Release|Any CPU
		{7B3B5FF3-623F-4EB3-99EF-1A0BD05EB4F4}.Release|iPhone.Deploy.0 = Release|Any CPU
		{7B3B5FF3-623F-4EB3-99EF-1A0BD05EB4F4}.Release|iPhoneSimulator.ActiveCfg = Release|Any CPU
		{7B3B5FF3-623F-4EB3-99EF-1A0BD05EB4F4}.Release|iPhoneSimulator.Build.0 = Release|Any CPU
		{7B3B5FF3-623F-4EB3-99EF-1A0BD05EB4F4}.Release|iPhoneSimulator.Deploy.0 = Release|Any CPU
		{A491FA11-F7A3-4E15-A362-6222A0A61E83}.Ad-Hoc|Any CPU.ActiveCfg = Ad-Hoc|iPhone
		{A491FA11-F7A3-4E15-A362-6222A0A61E83}.Ad-Hoc|Any CPU.Build.0 = Ad-Hoc|iPhone
		{A491FA11-F7A3-4E15-A362-6222A0A61E83}.Ad-Hoc|Any CPU.Deploy.0 = Ad-Hoc|iPhone
		{A491FA11-F7A3-4E15-A362-6222A0A61E83}.Ad-Hoc|iPhone.ActiveCfg = Ad-Hoc|iPhone
		{A491FA11-F7A3-4E15-A362-6222A0A61E83}.Ad-Hoc|iPhone.Build.0 = Ad-Hoc|iPhone
		{A491FA11-F7A3-4E15-A362-6222A0A61E83}.Ad-Hoc|iPhone.Deploy.0 = Ad-Hoc|iPhone
		{A491FA11-F7A3-4E15-A362-6222A0A61E83}.Ad-Hoc|iPhoneSimulator.ActiveCfg = Ad-Hoc|iPhoneSimulator
		{A491FA11-F7A3-4E15-A362-6222A0A61E83}.Ad-Hoc|iPhoneSimulator.Build.0 = Ad-Hoc|iPhoneSimulator
		{A491FA11-F7A3-4E15-A362-6222A0A61E83}.Ad-Hoc|iPhoneSimulator.Deploy.0 = Ad-Hoc|iPhoneSimulator
		{A491FA11-F7A3-4E15-A362-6222A0A61E83}.AppStore|Any CPU.ActiveCfg = AppStore|iPhone
		{A491FA11-F7A3-4E15-A362-6222A0A61E83}.AppStore|Any CPU.Build.0 = AppStore|iPhone
		{A491FA11-F7A3-4E15-A362-6222A0A61E83}.AppStore|Any CPU.Deploy.0 = AppStore|iPhone
		{A491FA11-F7A3-4E15-A362-6222A0A61E83}.AppStore|iPhone.ActiveCfg = AppStore|iPhone
		{A491FA11-F7A3-4E15-A362-6222A0A61E83}.AppStore|iPhone.Build.0 = AppStore|iPhone
		{A491FA11-F7A3-4E15-A362-6222A0A61E83}.AppStore|iPhone.Deploy.0 = AppStore|iPhone
		{A491FA11-F7A3-4E15-A362-6222A0A61E83}.AppStore|iPhoneSimulator.ActiveCfg = AppStore|iPhoneSimulator
		{A491FA11-F7A3-4E15-A362-6222A0A61E83}.AppStore|iPhoneSimulator.Build.0 = AppStore|iPhoneSimulator
		{A491FA11-F7A3-4E15-A362-6222A0A61E83}.AppStore|iPhoneSimulator.Deploy.0 = AppStore|iPhoneSimulator
		{A491FA11-F7A3-4E15-A362-6222A0A61E83}.Debug|Any CPU.ActiveCfg = Debug|iPhoneSimulator
		{A491FA11-F7A3-4E15-A362-6222A0A61E83}.Debug|Any CPU.Build.0 = Debug|iPhoneSimulator
		{A491FA11-F7A3-4E15-A362-6222A0A61E83}.Debug|Any CPU.Deploy.0 = Debug|iPhoneSimulator
		{A491FA11-F7A3-4E15-A362-6222A0A61E83}.Debug|iPhone.ActiveCfg = Debug|iPhone
		{A491FA11-F7A3-4E15-A362-6222A0A61E83}.Debug|iPhone.Build.0 = Debug|iPhone
		{A491FA11-F7A3-4E15-A362-6222A0A61E83}.Debug|iPhone.Deploy.0 = Debug|iPhone
		{A491FA11-F7A3-4E15-A362-6222A0A61E83}.Debug|iPhoneSimulator.ActiveCfg = Debug|iPhoneSimulator
		{A491FA11-F7A3-4E15-A362-6222A0A61E83}.Debug|iPhoneSimulator.Build.0 = Debug|iPhoneSimulator
		{A491FA11-F7A3-4E15-A362-6222A0A61E83}.Debug|iPhoneSimulator.Deploy.0 = Debug|iPhoneSimulator
		{A491FA11-F7A3-4E15-A362-6222A0A61E83}.Release|Any CPU.ActiveCfg = Release|iPhone
		{A491FA11-F7A3-4E15-A362-6222A0A61E83}.Release|Any CPU.Build.0 = Release|iPhone
		{A491FA11-F7A3-4E15-A362-6222A0A61E83}.Release|Any CPU.Deploy.0 = Release|iPhone
		{A491FA11-F7A3-4E15-A362-6222A0A61E83}.Release|iPhone.ActiveCfg = Release|iPhone
		{A491FA11-F7A3-4E15-A362-6222A0A61E83}.Release|iPhone.Build.0 = Release|iPhone
		{A491FA11-F7A3-4E15-A362-6222A0A61E83}.Release|iPhone.Deploy.0 = Release|iPhone
		{A491FA11-F7A3-4E15-A362-6222A0A61E83}.Release|iPhoneSimulator.ActiveCfg = Release|iPhoneSimulator
		{A491FA11-F7A3-4E15-A362-6222A0A61E83}.Release|iPhoneSimulator.Build.0 = Release|iPhoneSimulator
		{A491FA11-F7A3-4E15-A362-6222A0A61E83}.Release|iPhoneSimulator.Deploy.0 = Release|iPhoneSimulator
		{E7DAF01E-FFDD-414D-8D11-03A249110315}.Ad-Hoc|Any CPU.ActiveCfg = Debug|Any CPU
		{E7DAF01E-FFDD-414D-8D11-03A249110315}.Ad-Hoc|Any CPU.Build.0 = Debug|Any CPU
		{E7DAF01E-FFDD-414D-8D11-03A249110315}.Ad-Hoc|Any CPU.Deploy.0 = Debug|Any CPU
		{E7DAF01E-FFDD-414D-8D11-03A249110315}.Ad-Hoc|iPhone.ActiveCfg = Debug|Any CPU
		{E7DAF01E-FFDD-414D-8D11-03A249110315}.Ad-Hoc|iPhone.Build.0 = Debug|Any CPU
		{E7DAF01E-FFDD-414D-8D11-03A249110315}.Ad-Hoc|iPhone.Deploy.0 = Debug|Any CPU
		{E7DAF01E-FFDD-414D-8D11-03A249110315}.Ad-Hoc|iPhoneSimulator.ActiveCfg = Debug|Any CPU
		{E7DAF01E-FFDD-414D-8D11-03A249110315}.Ad-Hoc|iPhoneSimulator.Build.0 = Debug|Any CPU
		{E7DAF01E-FFDD-414D-8D11-03A249110315}.Ad-Hoc|iPhoneSimulator.Deploy.0 = Debug|Any CPU
		{E7DAF01E-FFDD-414D-8D11-03A249110315}.AppStore|Any CPU.ActiveCfg = Debug|Any CPU
		{E7DAF01E-FFDD-414D-8D11-03A249110315}.AppStore|Any CPU.Build.0 = Debug|Any CPU
		{E7DAF01E-FFDD-414D-8D11-03A249110315}.AppStore|Any CPU.Deploy.0 = Debug|Any CPU
		{E7DAF01E-FFDD-414D-8D11-03A249110315}.AppStore|iPhone.ActiveCfg = Debug|Any CPU
		{E7DAF01E-FFDD-414D-8D11-03A249110315}.AppStore|iPhone.Build.0 = Debug|Any CPU
		{E7DAF01E-FFDD-414D-8D11-03A249110315}.AppStore|iPhone.Deploy.0 = Debug|Any CPU
		{E7DAF01E-FFDD-414D-8D11-03A249110315}.AppStore|iPhoneSimulator.ActiveCfg = Debug|Any CPU
		{E7DAF01E-FFDD-414D-8D11-03A249110315}.AppStore|iPhoneSimulator.Build.0 = Debug|Any CPU
		{E7DAF01E-FFDD-414D-8D11-03A249110315}.AppStore|iPhoneSimulator.Deploy.0 = Debug|Any CPU
		{E7DAF01E-FFDD-414D-8D11-03A249110315}.Debug|Any CPU.ActiveCfg = Debug|Any CPU
		{E7DAF01E-FFDD-414D-8D11-03A249110315}.Debug|Any CPU.Build.0 = Debug|Any CPU
		{E7DAF01E-FFDD-414D-8D11-03A249110315}.Debug|Any CPU.Deploy.0 = Debug|Any CPU
		{E7DAF01E-FFDD-414D-8D11-03A249110315}.Debug|iPhone.ActiveCfg = Debug|Any CPU
		{E7DAF01E-FFDD-414D-8D11-03A249110315}.Debug|iPhone.Build.0 = Debug|Any CPU
		{E7DAF01E-FFDD-414D-8D11-03A249110315}.Debug|iPhone.Deploy.0 = Debug|Any CPU
		{E7DAF01E-FFDD-414D-8D11-03A249110315}.Debug|iPhoneSimulator.ActiveCfg = Debug|Any CPU
		{E7DAF01E-FFDD-414D-8D11-03A249110315}.Debug|iPhoneSimulator.Build.0 = Debug|Any CPU
		{E7DAF01E-FFDD-414D-8D11-03A249110315}.Debug|iPhoneSimulator.Deploy.0 = Debug|Any CPU
		{E7DAF01E-FFDD-414D-8D11-03A249110315}.Release|Any CPU.ActiveCfg = Release|Any CPU
		{E7DAF01E-FFDD-414D-8D11-03A249110315}.Release|Any CPU.Build.0 = Release|Any CPU
		{E7DAF01E-FFDD-414D-8D11-03A249110315}.Release|Any CPU.Deploy.0 = Release|Any CPU
		{E7DAF01E-FFDD-414D-8D11-03A249110315}.Release|iPhone.ActiveCfg = Release|Any CPU
		{E7DAF01E-FFDD-414D-8D11-03A249110315}.Release|iPhone.Build.0 = Release|Any CPU
		{E7DAF01E-FFDD-414D-8D11-03A249110315}.Release|iPhone.Deploy.0 = Release|Any CPU
		{E7DAF01E-FFDD-414D-8D11-03A249110315}.Release|iPhoneSimulator.ActiveCfg = Release|Any CPU
		{E7DAF01E-FFDD-414D-8D11-03A249110315}.Release|iPhoneSimulator.Build.0 = Release|Any CPU
		{E7DAF01E-FFDD-414D-8D11-03A249110315}.Release|iPhoneSimulator.Deploy.0 = Release|Any CPU
	EndGlobalSection
	GlobalSection(SolutionProperties) = preSolution
		HideSolutionNode = FALSE
	EndGlobalSection
	GlobalSection(ExtensibilityGlobals) = postSolution
		SolutionGuid = {C50EA929-576D-404E-B07C-FAF00E34526F}
	EndGlobalSection
EndGlobal
